// !$*UTF8*$!
{
	archiveVersion = 1;
	classes = {
	};
	objectVersion = 56;
	objects = {

/* Begin PBXBuildFile section */
		3F577C65C2DE063A0810AB4F /* Pods_SwiftLintIntergrationCocoapods.framework in Frameworks */ = {isa = PBXBuildFile; fileRef = 056A0A38FE437284B8DC99F9 /* Pods_SwiftLintIntergrationCocoapods.framework */; };
		65A8921C2C81A27E0025510F /* SwiftLintIntergrationCocoapodsApp.swift in Sources */ = {isa = PBXBuildFile; fileRef = 65A8921B2C81A27E0025510F /* SwiftLintIntergrationCocoapodsApp.swift */; };
		65A8921E2C81A27E0025510F /* ContentView.swift in Sources */ = {isa = PBXBuildFile; fileRef = 65A8921D2C81A27E0025510F /* ContentView.swift */; };
		65A892202C81A2810025510F /* Assets.xcassets in Resources */ = {isa = PBXBuildFile; fileRef = 65A8921F2C81A2810025510F /* Assets.xcassets */; };
		65A892242C81A2810025510F /* Preview Assets.xcassets in Resources */ = {isa = PBXBuildFile; fileRef = 65A892232C81A2810025510F /* Preview Assets.xcassets */; };
		65A8922E2C81A2820025510F /* SwiftLintIntergrationCocoapodsTests.swift in Sources */ = {isa = PBXBuildFile; fileRef = 65A8922D2C81A2820025510F /* SwiftLintIntergrationCocoapodsTests.swift */; };
		65A892382C81A2820025510F /* SwiftLintIntergrationCocoapodsUITests.swift in Sources */ = {isa = PBXBuildFile; fileRef = 65A892372C81A2820025510F /* SwiftLintIntergrationCocoapodsUITests.swift */; };
		65A8923A2C81A2820025510F /* SwiftLintIntergrationCocoapodsUITestsLaunchTests.swift in Sources */ = {isa = PBXBuildFile; fileRef = 65A892392C81A2820025510F /* SwiftLintIntergrationCocoapodsUITestsLaunchTests.swift */; };
		65CF275E2C87FC3C00B0BF92 /* .swiftlint.yml in Resources */ = {isa = PBXBuildFile; fileRef = 65CF275D2C87FC3C00B0BF92 /* .swiftlint.yml */; };
		740D87AE74F02C17D5F4C120 /* Pods_SwiftLintIntergrationCocoapods_SwiftLintIntergrationCocoapodsUITests.framework in Frameworks */ = {isa = PBXBuildFile; fileRef = 7F0276B2E7062588EC952109 /* Pods_SwiftLintIntergrationCocoapods_SwiftLintIntergrationCocoapodsUITests.framework */; };
		F7CA579CDB638F633B1FA9A2 /* Pods_SwiftLintIntergrationCocoapodsTests.framework in Frameworks */ = {isa = PBXBuildFile; fileRef = 6FCC7F3D012FA2EDA46D348D /* Pods_SwiftLintIntergrationCocoapodsTests.framework */; };
/* End PBXBuildFile section */

/* Begin PBXContainerItemProxy section */
		65A8922A2C81A2820025510F /* PBXContainerItemProxy */ = {
			isa = PBXContainerItemProxy;
			containerPortal = 65A892102C81A27E0025510F /* Project object */;
			proxyType = 1;
			remoteGlobalIDString = 65A892172C81A27E0025510F;
			remoteInfo = SwiftLintIntergrationCocoapods;
		};
		65A892342C81A2820025510F /* PBXContainerItemProxy */ = {
			isa = PBXContainerItemProxy;
			containerPortal = 65A892102C81A27E0025510F /* Project object */;
			proxyType = 1;
			remoteGlobalIDString = 65A892172C81A27E0025510F;
			remoteInfo = SwiftLintIntergrationCocoapods;
		};
/* End PBXContainerItemProxy section */

/* Begin PBXFileReference section */
		056A0A38FE437284B8DC99F9 /* Pods_SwiftLintIntergrationCocoapods.framework */ = {isa = PBXFileReference; explicitFileType = wrapper.framework; includeInIndex = 0; path = Pods_SwiftLintIntergrationCocoapods.framework; sourceTree = BUILT_PRODUCTS_DIR; };
		066DF581ABEC2C427F63D303 /* Pods-SwiftLintIntergrationCocoapodsTests.release.xcconfig */ = {isa = PBXFileReference; includeInIndex = 1; lastKnownFileType = text.xcconfig; name = "Pods-SwiftLintIntergrationCocoapodsTests.release.xcconfig"; path = "Target Support Files/Pods-SwiftLintIntergrationCocoapodsTests/Pods-SwiftLintIntergrationCocoapodsTests.release.xcconfig"; sourceTree = "<group>"; };
		65A892182C81A27E0025510F /* SwiftLintIntergrationCocoapods.app */ = {isa = PBXFileReference; explicitFileType = wrapper.application; includeInIndex = 0; path = SwiftLintIntergrationCocoapods.app; sourceTree = BUILT_PRODUCTS_DIR; };
		65A8921B2C81A27E0025510F /* SwiftLintIntergrationCocoapodsApp.swift */ = {isa = PBXFileReference; lastKnownFileType = sourcecode.swift; path = SwiftLintIntergrationCocoapodsApp.swift; sourceTree = "<group>"; };
		65A8921D2C81A27E0025510F /* ContentView.swift */ = {isa = PBXFileReference; lastKnownFileType = sourcecode.swift; path = ContentView.swift; sourceTree = "<group>"; };
		65A8921F2C81A2810025510F /* Assets.xcassets */ = {isa = PBXFileReference; lastKnownFileType = folder.assetcatalog; path = Assets.xcassets; sourceTree = "<group>"; };
		65A892212C81A2810025510F /* SwiftLintIntergrationCocoapods.entitlements */ = {isa = PBXFileReference; lastKnownFileType = text.plist.entitlements; path = SwiftLintIntergrationCocoapods.entitlements; sourceTree = "<group>"; };
		65A892232C81A2810025510F /* Preview Assets.xcassets */ = {isa = PBXFileReference; lastKnownFileType = folder.assetcatalog; path = "Preview Assets.xcassets"; sourceTree = "<group>"; };
		65A892292C81A2820025510F /* SwiftLintIntergrationCocoapodsTests.xctest */ = {isa = PBXFileReference; explicitFileType = wrapper.cfbundle; includeInIndex = 0; path = SwiftLintIntergrationCocoapodsTests.xctest; sourceTree = BUILT_PRODUCTS_DIR; };
		65A8922D2C81A2820025510F /* SwiftLintIntergrationCocoapodsTests.swift */ = {isa = PBXFileReference; lastKnownFileType = sourcecode.swift; path = SwiftLintIntergrationCocoapodsTests.swift; sourceTree = "<group>"; };
		65A892332C81A2820025510F /* SwiftLintIntergrationCocoapodsUITests.xctest */ = {isa = PBXFileReference; explicitFileType = wrapper.cfbundle; includeInIndex = 0; path = SwiftLintIntergrationCocoapodsUITests.xctest; sourceTree = BUILT_PRODUCTS_DIR; };
		65A892372C81A2820025510F /* SwiftLintIntergrationCocoapodsUITests.swift */ = {isa = PBXFileReference; lastKnownFileType = sourcecode.swift; path = SwiftLintIntergrationCocoapodsUITests.swift; sourceTree = "<group>"; };
		65A892392C81A2820025510F /* SwiftLintIntergrationCocoapodsUITestsLaunchTests.swift */ = {isa = PBXFileReference; lastKnownFileType = sourcecode.swift; path = SwiftLintIntergrationCocoapodsUITestsLaunchTests.swift; sourceTree = "<group>"; };
		65CF275D2C87FC3C00B0BF92 /* .swiftlint.yml */ = {isa = PBXFileReference; fileEncoding = 4; lastKnownFileType = text.yaml; path = .swiftlint.yml; sourceTree = "<group>"; };
		6FCC7F3D012FA2EDA46D348D /* Pods_SwiftLintIntergrationCocoapodsTests.framework */ = {isa = PBXFileReference; explicitFileType = wrapper.framework; includeInIndex = 0; path = Pods_SwiftLintIntergrationCocoapodsTests.framework; sourceTree = BUILT_PRODUCTS_DIR; };
		7F0276B2E7062588EC952109 /* Pods_SwiftLintIntergrationCocoapods_SwiftLintIntergrationCocoapodsUITests.framework */ = {isa = PBXFileReference; explicitFileType = wrapper.framework; includeInIndex = 0; path = Pods_SwiftLintIntergrationCocoapods_SwiftLintIntergrationCocoapodsUITests.framework; sourceTree = BUILT_PRODUCTS_DIR; };
		7F99DF02DE2D21CC25F92E26 /* Pods-SwiftLintIntergrationCocoapods-SwiftLintIntergrationCocoapodsUITests.release.xcconfig */ = {isa = PBXFileReference; includeInIndex = 1; lastKnownFileType = text.xcconfig; name = "Pods-SwiftLintIntergrationCocoapods-SwiftLintIntergrationCocoapodsUITests.release.xcconfig"; path = "Target Support Files/Pods-SwiftLintIntergrationCocoapods-SwiftLintIntergrationCocoapodsUITests/Pods-SwiftLintIntergrationCocoapods-SwiftLintIntergrationCocoapodsUITests.release.xcconfig"; sourceTree = "<group>"; };
		8803B836F02A8211B354D451 /* Pods-SwiftLintIntergrationCocoapods.release.xcconfig */ = {isa = PBXFileReference; includeInIndex = 1; lastKnownFileType = text.xcconfig; name = "Pods-SwiftLintIntergrationCocoapods.release.xcconfig"; path = "Target Support Files/Pods-SwiftLintIntergrationCocoapods/Pods-SwiftLintIntergrationCocoapods.release.xcconfig"; sourceTree = "<group>"; };
		A5C1D949B26F6B5993C13715 /* Pods-SwiftLintIntergrationCocoapodsTests.debug.xcconfig */ = {isa = PBXFileReference; includeInIndex = 1; lastKnownFileType = text.xcconfig; name = "Pods-SwiftLintIntergrationCocoapodsTests.debug.xcconfig"; path = "Target Support Files/Pods-SwiftLintIntergrationCocoapodsTests/Pods-SwiftLintIntergrationCocoapodsTests.debug.xcconfig"; sourceTree = "<group>"; };
		B3A2EEFE80D5D254B2E42435 /* Pods-SwiftLintIntergrationCocoapods.debug.xcconfig */ = {isa = PBXFileReference; includeInIndex = 1; lastKnownFileType = text.xcconfig; name = "Pods-SwiftLintIntergrationCocoapods.debug.xcconfig"; path = "Target Support Files/Pods-SwiftLintIntergrationCocoapods/Pods-SwiftLintIntergrationCocoapods.debug.xcconfig"; sourceTree = "<group>"; };
		E4313EB9F549AE21F975386C /* Pods-SwiftLintIntergrationCocoapods-SwiftLintIntergrationCocoapodsUITests.debug.xcconfig */ = {isa = PBXFileReference; includeInIndex = 1; lastKnownFileType = text.xcconfig; name = "Pods-SwiftLintIntergrationCocoapods-SwiftLintIntergrationCocoapodsUITests.debug.xcconfig"; path = "Target Support Files/Pods-SwiftLintIntergrationCocoapods-SwiftLintIntergrationCocoapodsUITests/Pods-SwiftLintIntergrationCocoapods-SwiftLintIntergrationCocoapodsUITests.debug.xcconfig"; sourceTree = "<group>"; };
/* End PBXFileReference section */

/* Begin PBXFrameworksBuildPhase section */
		65A892152C81A27E0025510F /* Frameworks */ = {
			isa = PBXFrameworksBuildPhase;
			buildActionMask = 2147483647;
			files = (
				3F577C65C2DE063A0810AB4F /* Pods_SwiftLintIntergrationCocoapods.framework in Frameworks */,
			);
			runOnlyForDeploymentPostprocessing = 0;
		};
		65A892262C81A2820025510F /* Frameworks */ = {
			isa = PBXFrameworksBuildPhase;
			buildActionMask = 2147483647;
			files = (
				F7CA579CDB638F633B1FA9A2 /* Pods_SwiftLintIntergrationCocoapodsTests.framework in Frameworks */,
			);
			runOnlyForDeploymentPostprocessing = 0;
		};
		65A892302C81A2820025510F /* Frameworks */ = {
			isa = PBXFrameworksBuildPhase;
			buildActionMask = 2147483647;
			files = (
				740D87AE74F02C17D5F4C120 /* Pods_SwiftLintIntergrationCocoapods_SwiftLintIntergrationCocoapodsUITests.framework in Frameworks */,
			);
			runOnlyForDeploymentPostprocessing = 0;
		};
/* End PBXFrameworksBuildPhase section */

/* Begin PBXGroup section */
		47826A1AF8EF43FE3D77C9E4 /* Pods */ = {
			isa = PBXGroup;
			children = (
				B3A2EEFE80D5D254B2E42435 /* Pods-SwiftLintIntergrationCocoapods.debug.xcconfig */,
				8803B836F02A8211B354D451 /* Pods-SwiftLintIntergrationCocoapods.release.xcconfig */,
				E4313EB9F549AE21F975386C /* Pods-SwiftLintIntergrationCocoapods-SwiftLintIntergrationCocoapodsUITests.debug.xcconfig */,
				7F99DF02DE2D21CC25F92E26 /* Pods-SwiftLintIntergrationCocoapods-SwiftLintIntergrationCocoapodsUITests.release.xcconfig */,
				A5C1D949B26F6B5993C13715 /* Pods-SwiftLintIntergrationCocoapodsTests.debug.xcconfig */,
				066DF581ABEC2C427F63D303 /* Pods-SwiftLintIntergrationCocoapodsTests.release.xcconfig */,
			);
			path = Pods;
			sourceTree = "<group>";
		};
		584CE72B3052B2520B162C6F /* Frameworks */ = {
			isa = PBXGroup;
			children = (
				056A0A38FE437284B8DC99F9 /* Pods_SwiftLintIntergrationCocoapods.framework */,
				7F0276B2E7062588EC952109 /* Pods_SwiftLintIntergrationCocoapods_SwiftLintIntergrationCocoapodsUITests.framework */,
				6FCC7F3D012FA2EDA46D348D /* Pods_SwiftLintIntergrationCocoapodsTests.framework */,
			);
			name = Frameworks;
			sourceTree = "<group>";
		};
		65A8920F2C81A27E0025510F = {
			isa = PBXGroup;
			children = (
				65A8921A2C81A27E0025510F /* SwiftLintIntergrationCocoapods */,
				65A8922C2C81A2820025510F /* SwiftLintIntergrationCocoapodsTests */,
				65A892362C81A2820025510F /* SwiftLintIntergrationCocoapodsUITests */,
				65A892192C81A27E0025510F /* Products */,
				47826A1AF8EF43FE3D77C9E4 /* Pods */,
				584CE72B3052B2520B162C6F /* Frameworks */,
			);
			sourceTree = "<group>";
		};
		65A892192C81A27E0025510F /* Products */ = {
			isa = PBXGroup;
			children = (
				65A892182C81A27E0025510F /* SwiftLintIntergrationCocoapods.app */,
				65A892292C81A2820025510F /* SwiftLintIntergrationCocoapodsTests.xctest */,
				65A892332C81A2820025510F /* SwiftLintIntergrationCocoapodsUITests.xctest */,
			);
			name = Products;
			sourceTree = "<group>";
		};
		65A8921A2C81A27E0025510F /* SwiftLintIntergrationCocoapods */ = {
			isa = PBXGroup;
			children = (
				65CF275D2C87FC3C00B0BF92 /* .swiftlint.yml */,
				65A8921B2C81A27E0025510F /* SwiftLintIntergrationCocoapodsApp.swift */,
				65A8921D2C81A27E0025510F /* ContentView.swift */,
				65A8921F2C81A2810025510F /* Assets.xcassets */,
				65A892212C81A2810025510F /* SwiftLintIntergrationCocoapods.entitlements */,
				65A892222C81A2810025510F /* Preview Content */,
			);
			path = SwiftLintIntergrationCocoapods;
			sourceTree = "<group>";
		};
		65A892222C81A2810025510F /* Preview Content */ = {
			isa = PBXGroup;
			children = (
				65A892232C81A2810025510F /* Preview Assets.xcassets */,
			);
			path = "Preview Content";
			sourceTree = "<group>";
		};
		65A8922C2C81A2820025510F /* SwiftLintIntergrationCocoapodsTests */ = {
			isa = PBXGroup;
			children = (
				65A8922D2C81A2820025510F /* SwiftLintIntergrationCocoapodsTests.swift */,
			);
			path = SwiftLintIntergrationCocoapodsTests;
			sourceTree = "<group>";
		};
		65A892362C81A2820025510F /* SwiftLintIntergrationCocoapodsUITests */ = {
			isa = PBXGroup;
			children = (
				65A892372C81A2820025510F /* SwiftLintIntergrationCocoapodsUITests.swift */,
				65A892392C81A2820025510F /* SwiftLintIntergrationCocoapodsUITestsLaunchTests.swift */,
			);
			path = SwiftLintIntergrationCocoapodsUITests;
			sourceTree = "<group>";
		};
/* End PBXGroup section */

/* Begin PBXNativeTarget section */
		65A892172C81A27E0025510F /* SwiftLintIntergrationCocoapods */ = {
			isa = PBXNativeTarget;
			buildConfigurationList = 65A8923D2C81A2820025510F /* Build configuration list for PBXNativeTarget "SwiftLintIntergrationCocoapods" */;
			buildPhases = (
				CA07BAA00D82972D26AE397C /* [CP] Check Pods Manifest.lock */,
				65A892142C81A27E0025510F /* Sources */,
				65A892152C81A27E0025510F /* Frameworks */,
				65A892162C81A27E0025510F /* Resources */,
				65A892472C81A4930025510F /* ShellScript */,
			);
			buildRules = (
			);
			dependencies = (
			);
			name = SwiftLintIntergrationCocoapods;
			productName = SwiftLintIntergrationCocoapods;
			productReference = 65A892182C81A27E0025510F /* SwiftLintIntergrationCocoapods.app */;
			productType = "com.apple.product-type.application";
		};
		65A892282C81A2820025510F /* SwiftLintIntergrationCocoapodsTests */ = {
			isa = PBXNativeTarget;
			buildConfigurationList = 65A892402C81A2820025510F /* Build configuration list for PBXNativeTarget "SwiftLintIntergrationCocoapodsTests" */;
			buildPhases = (
				F5EBFDDC4DF19C110C3DC549 /* [CP] Check Pods Manifest.lock */,
				65A892252C81A2820025510F /* Sources */,
				65A892262C81A2820025510F /* Frameworks */,
				65A892272C81A2820025510F /* Resources */,
			);
			buildRules = (
			);
			dependencies = (
				65A8922B2C81A2820025510F /* PBXTargetDependency */,
			);
			name = SwiftLintIntergrationCocoapodsTests;
			productName = SwiftLintIntergrationCocoapodsTests;
			productReference = 65A892292C81A2820025510F /* SwiftLintIntergrationCocoapodsTests.xctest */;
			productType = "com.apple.product-type.bundle.unit-test";
		};
		65A892322C81A2820025510F /* SwiftLintIntergrationCocoapodsUITests */ = {
			isa = PBXNativeTarget;
			buildConfigurationList = 65A892432C81A2820025510F /* Build configuration list for PBXNativeTarget "SwiftLintIntergrationCocoapodsUITests" */;
			buildPhases = (
				02B76B4EEC0F0E773FD7768D /* [CP] Check Pods Manifest.lock */,
				65A8922F2C81A2820025510F /* Sources */,
				65A892302C81A2820025510F /* Frameworks */,
				65A892312C81A2820025510F /* Resources */,
			);
			buildRules = (
			);
			dependencies = (
				65A892352C81A2820025510F /* PBXTargetDependency */,
			);
			name = SwiftLintIntergrationCocoapodsUITests;
			productName = SwiftLintIntergrationCocoapodsUITests;
			productReference = 65A892332C81A2820025510F /* SwiftLintIntergrationCocoapodsUITests.xctest */;
			productType = "com.apple.product-type.bundle.ui-testing";
		};
/* End PBXNativeTarget section */

/* Begin PBXProject section */
		65A892102C81A27E0025510F /* Project object */ = {
			isa = PBXProject;
			attributes = {
				BuildIndependentTargetsInParallel = 1;
				LastSwiftUpdateCheck = 1540;
				LastUpgradeCheck = 1540;
				TargetAttributes = {
					65A892172C81A27E0025510F = {
						CreatedOnToolsVersion = 15.4;
					};
					65A892282C81A2820025510F = {
						CreatedOnToolsVersion = 15.4;
						TestTargetID = 65A892172C81A27E0025510F;
					};
					65A892322C81A2820025510F = {
						CreatedOnToolsVersion = 15.4;
						TestTargetID = 65A892172C81A27E0025510F;
					};
				};
			};
			buildConfigurationList = 65A892132C81A27E0025510F /* Build configuration list for PBXProject "SwiftLintIntergrationCocoapods" */;
			compatibilityVersion = "Xcode 14.0";
			developmentRegion = en;
			hasScannedForEncodings = 0;
			knownRegions = (
				en,
				Base,
			);
			mainGroup = 65A8920F2C81A27E0025510F;
			productRefGroup = 65A892192C81A27E0025510F /* Products */;
			projectDirPath = "";
			projectRoot = "";
			targets = (
				65A892172C81A27E0025510F /* SwiftLintIntergrationCocoapods */,
				65A892282C81A2820025510F /* SwiftLintIntergrationCocoapodsTests */,
				65A892322C81A2820025510F /* SwiftLintIntergrationCocoapodsUITests */,
			);
		};
/* End PBXProject section */

/* Begin PBXResourcesBuildPhase section */
		65A892162C81A27E0025510F /* Resources */ = {
			isa = PBXResourcesBuildPhase;
			buildActionMask = 2147483647;
			files = (
				65CF275E2C87FC3C00B0BF92 /* .swiftlint.yml in Resources */,
				65A892242C81A2810025510F /* Preview Assets.xcassets in Resources */,
				65A892202C81A2810025510F /* Assets.xcassets in Resources */,
			);
			runOnlyForDeploymentPostprocessing = 0;
		};
		65A892272C81A2820025510F /* Resources */ = {
			isa = PBXResourcesBuildPhase;
			buildActionMask = 2147483647;
			files = (
			);
			runOnlyForDeploymentPostprocessing = 0;
		};
		65A892312C81A2820025510F /* Resources */ = {
			isa = PBXResourcesBuildPhase;
			buildActionMask = 2147483647;
			files = (
			);
			runOnlyForDeploymentPostprocessing = 0;
		};
/* End PBXResourcesBuildPhase section */

/* Begin PBXShellScriptBuildPhase section */
		02B76B4EEC0F0E773FD7768D /* [CP] Check Pods Manifest.lock */ = {
			isa = PBXShellScriptBuildPhase;
			buildActionMask = 2147483647;
			files = (
			);
			inputFileListPaths = (
			);
			inputPaths = (
				"${PODS_PODFILE_DIR_PATH}/Podfile.lock",
				"${PODS_ROOT}/Manifest.lock",
			);
			name = "[CP] Check Pods Manifest.lock";
			outputFileListPaths = (
			);
			outputPaths = (
				"$(DERIVED_FILE_DIR)/Pods-SwiftLintIntergrationCocoapods-SwiftLintIntergrationCocoapodsUITests-checkManifestLockResult.txt",
			);
			runOnlyForDeploymentPostprocessing = 0;
			shellPath = /bin/sh;
			shellScript = "diff \"${PODS_PODFILE_DIR_PATH}/Podfile.lock\" \"${PODS_ROOT}/Manifest.lock\" > /dev/null\nif [ $? != 0 ] ; then\n    # print error to STDERR\n    echo \"error: The sandbox is not in sync with the Podfile.lock. Run 'pod install' or update your CocoaPods installation.\" >&2\n    exit 1\nfi\n# This output is used by Xcode 'outputs' to avoid re-running this script phase.\necho \"SUCCESS\" > \"${SCRIPT_OUTPUT_FILE_0}\"\n";
			showEnvVarsInLog = 0;
		};
		65A892472C81A4930025510F /* ShellScript */ = {
			isa = PBXShellScriptBuildPhase;
			buildActionMask = 2147483647;
			files = (
			);
			inputFileListPaths = (
			);
			inputPaths = (
			);
			outputFileListPaths = (
			);
			outputPaths = (
			);
			runOnlyForDeploymentPostprocessing = 0;
			shellPath = /bin/sh;
			shellScript = "if which swiftlint >/dev/null; then\n  swiftlint\nelse\n  echo \"warning: SwiftLint not installed, download from https://github.com/realm/SwiftLint\"\nfi\n\n";
		};
		CA07BAA00D82972D26AE397C /* [CP] Check Pods Manifest.lock */ = {
			isa = PBXShellScriptBuildPhase;
			buildActionMask = 2147483647;
			files = (
			);
			inputFileListPaths = (
			);
			inputPaths = (
				"${PODS_PODFILE_DIR_PATH}/Podfile.lock",
				"${PODS_ROOT}/Manifest.lock",
			);
			name = "[CP] Check Pods Manifest.lock";
			outputFileListPaths = (
			);
			outputPaths = (
				"$(DERIVED_FILE_DIR)/Pods-SwiftLintIntergrationCocoapods-checkManifestLockResult.txt",
			);
			runOnlyForDeploymentPostprocessing = 0;
			shellPath = /bin/sh;
			shellScript = "diff \"${PODS_PODFILE_DIR_PATH}/Podfile.lock\" \"${PODS_ROOT}/Manifest.lock\" > /dev/null\nif [ $? != 0 ] ; then\n    # print error to STDERR\n    echo \"error: The sandbox is not in sync with the Podfile.lock. Run 'pod install' or update your CocoaPods installation.\" >&2\n    exit 1\nfi\n# This output is used by Xcode 'outputs' to avoid re-running this script phase.\necho \"SUCCESS\" > \"${SCRIPT_OUTPUT_FILE_0}\"\n";
			showEnvVarsInLog = 0;
		};
		F5EBFDDC4DF19C110C3DC549 /* [CP] Check Pods Manifest.lock */ = {
			isa = PBXShellScriptBuildPhase;
			buildActionMask = 2147483647;
			files = (
			);
			inputFileListPaths = (
			);
			inputPaths = (
				"${PODS_PODFILE_DIR_PATH}/Podfile.lock",
				"${PODS_ROOT}/Manifest.lock",
			);
			name = "[CP] Check Pods Manifest.lock";
			outputFileListPaths = (
			);
			outputPaths = (
				"$(DERIVED_FILE_DIR)/Pods-SwiftLintIntergrationCocoapodsTests-checkManifestLockResult.txt",
			);
			runOnlyForDeploymentPostprocessing = 0;
			shellPath = /bin/sh;
			shellScript = "diff \"${PODS_PODFILE_DIR_PATH}/Podfile.lock\" \"${PODS_ROOT}/Manifest.lock\" > /dev/null\nif [ $? != 0 ] ; then\n    # print error to STDERR\n    echo \"error: The sandbox is not in sync with the Podfile.lock. Run 'pod install' or update your CocoaPods installation.\" >&2\n    exit 1\nfi\n# This output is used by Xcode 'outputs' to avoid re-running this script phase.\necho \"SUCCESS\" > \"${SCRIPT_OUTPUT_FILE_0}\"\n";
			showEnvVarsInLog = 0;
		};
/* End PBXShellScriptBuildPhase section */

/* Begin PBXSourcesBuildPhase section */
		65A892142C81A27E0025510F /* Sources */ = {
			isa = PBXSourcesBuildPhase;
			buildActionMask = 2147483647;
			files = (
				65A8921E2C81A27E0025510F /* ContentView.swift in Sources */,
				65A8921C2C81A27E0025510F /* SwiftLintIntergrationCocoapodsApp.swift in Sources */,
			);
			runOnlyForDeploymentPostprocessing = 0;
		};
		65A892252C81A2820025510F /* Sources */ = {
			isa = PBXSourcesBuildPhase;
			buildActionMask = 2147483647;
			files = (
				65A8922E2C81A2820025510F /* SwiftLintIntergrationCocoapodsTests.swift in Sources */,
			);
			runOnlyForDeploymentPostprocessing = 0;
		};
		65A8922F2C81A2820025510F /* Sources */ = {
			isa = PBXSourcesBuildPhase;
			buildActionMask = 2147483647;
			files = (
				65A892382C81A2820025510F /* SwiftLintIntergrationCocoapodsUITests.swift in Sources */,
				65A8923A2C81A2820025510F /* SwiftLintIntergrationCocoapodsUITestsLaunchTests.swift in Sources */,
			);
			runOnlyForDeploymentPostprocessing = 0;
		};
/* End PBXSourcesBuildPhase section */

/* Begin PBXTargetDependency section */
		65A8922B2C81A2820025510F /* PBXTargetDependency */ = {
			isa = PBXTargetDependency;
			target = 65A892172C81A27E0025510F /* SwiftLintIntergrationCocoapods */;
			targetProxy = 65A8922A2C81A2820025510F /* PBXContainerItemProxy */;
		};
		65A892352C81A2820025510F /* PBXTargetDependency */ = {
			isa = PBXTargetDependency;
			target = 65A892172C81A27E0025510F /* SwiftLintIntergrationCocoapods */;
			targetProxy = 65A892342C81A2820025510F /* PBXContainerItemProxy */;
		};
/* End PBXTargetDependency section */

/* Begin XCBuildConfiguration section */
		65A8923B2C81A2820025510F /* Debug */ = {
			isa = XCBuildConfiguration;
			buildSettings = {
				ALWAYS_SEARCH_USER_PATHS = NO;
				ASSETCATALOG_COMPILER_GENERATE_SWIFT_ASSET_SYMBOL_EXTENSIONS = YES;
				CLANG_ANALYZER_NONNULL = YES;
				CLANG_ANALYZER_NUMBER_OBJECT_CONVERSION = YES_AGGRESSIVE;
				CLANG_CXX_LANGUAGE_STANDARD = "gnu++20";
				CLANG_ENABLE_MODULES = YES;
				CLANG_ENABLE_OBJC_ARC = YES;
				CLANG_ENABLE_OBJC_WEAK = YES;
				CLANG_WARN_BLOCK_CAPTURE_AUTORELEASING = YES;
				CLANG_WARN_BOOL_CONVERSION = YES;
				CLANG_WARN_COMMA = YES;
				CLANG_WARN_CONSTANT_CONVERSION = YES;
				CLANG_WARN_DEPRECATED_OBJC_IMPLEMENTATIONS = YES;
				CLANG_WARN_DIRECT_OBJC_ISA_USAGE = YES_ERROR;
				CLANG_WARN_DOCUMENTATION_COMMENTS = YES;
				CLANG_WARN_EMPTY_BODY = YES;
				CLANG_WARN_ENUM_CONVERSION = YES;
				CLANG_WARN_INFINITE_RECURSION = YES;
				CLANG_WARN_INT_CONVERSION = YES;
				CLANG_WARN_NON_LITERAL_NULL_CONVERSION = YES;
				CLANG_WARN_OBJC_IMPLICIT_RETAIN_SELF = YES;
				CLANG_WARN_OBJC_LITERAL_CONVERSION = YES;
				CLANG_WARN_OBJC_ROOT_CLASS = YES_ERROR;
				CLANG_WARN_QUOTED_INCLUDE_IN_FRAMEWORK_HEADER = YES;
				CLANG_WARN_RANGE_LOOP_ANALYSIS = YES;
				CLANG_WARN_STRICT_PROTOTYPES = YES;
				CLANG_WARN_SUSPICIOUS_MOVE = YES;
				CLANG_WARN_UNGUARDED_AVAILABILITY = YES_AGGRESSIVE;
				CLANG_WARN_UNREACHABLE_CODE = YES;
				CLANG_WARN__DUPLICATE_METHOD_MATCH = YES;
				COPY_PHASE_STRIP = NO;
				DEBUG_INFORMATION_FORMAT = dwarf;
				ENABLE_STRICT_OBJC_MSGSEND = YES;
				ENABLE_TESTABILITY = YES;
				ENABLE_USER_SCRIPT_SANDBOXING = YES;
				GCC_C_LANGUAGE_STANDARD = gnu17;
				GCC_DYNAMIC_NO_PIC = NO;
				GCC_NO_COMMON_BLOCKS = YES;
				GCC_OPTIMIZATION_LEVEL = 0;
				GCC_PREPROCESSOR_DEFINITIONS = (
					"DEBUG=1",
					"$(inherited)",
				);
				GCC_WARN_64_TO_32_BIT_CONVERSION = YES;
				GCC_WARN_ABOUT_RETURN_TYPE = YES_ERROR;
				GCC_WARN_UNDECLARED_SELECTOR = YES;
				GCC_WARN_UNINITIALIZED_AUTOS = YES_AGGRESSIVE;
				GCC_WARN_UNUSED_FUNCTION = YES;
				GCC_WARN_UNUSED_VARIABLE = YES;
				LOCALIZATION_PREFERS_STRING_CATALOGS = YES;
				MTL_ENABLE_DEBUG_INFO = INCLUDE_SOURCE;
				MTL_FAST_MATH = YES;
				ONLY_ACTIVE_ARCH = YES;
				SWIFT_ACTIVE_COMPILATION_CONDITIONS = "DEBUG $(inherited)";
				SWIFT_OPTIMIZATION_LEVEL = "-Onone";
			};
			name = Debug;
		};
		65A8923C2C81A2820025510F /* Release */ = {
			isa = XCBuildConfiguration;
			buildSettings = {
				ALWAYS_SEARCH_USER_PATHS = NO;
				ASSETCATALOG_COMPILER_GENERATE_SWIFT_ASSET_SYMBOL_EXTENSIONS = YES;
				CLANG_ANALYZER_NONNULL = YES;
				CLANG_ANALYZER_NUMBER_OBJECT_CONVERSION = YES_AGGRESSIVE;
				CLANG_CXX_LANGUAGE_STANDARD = "gnu++20";
				CLANG_ENABLE_MODULES = YES;
				CLANG_ENABLE_OBJC_ARC = YES;
				CLANG_ENABLE_OBJC_WEAK = YES;
				CLANG_WARN_BLOCK_CAPTURE_AUTORELEASING = YES;
				CLANG_WARN_BOOL_CONVERSION = YES;
				CLANG_WARN_COMMA = YES;
				CLANG_WARN_CONSTANT_CONVERSION = YES;
				CLANG_WARN_DEPRECATED_OBJC_IMPLEMENTATIONS = YES;
				CLANG_WARN_DIRECT_OBJC_ISA_USAGE = YES_ERROR;
				CLANG_WARN_DOCUMENTATION_COMMENTS = YES;
				CLANG_WARN_EMPTY_BODY = YES;
				CLANG_WARN_ENUM_CONVERSION = YES;
				CLANG_WARN_INFINITE_RECURSION = YES;
				CLANG_WARN_INT_CONVERSION = YES;
				CLANG_WARN_NON_LITERAL_NULL_CONVERSION = YES;
				CLANG_WARN_OBJC_IMPLICIT_RETAIN_SELF = YES;
				CLANG_WARN_OBJC_LITERAL_CONVERSION = YES;
				CLANG_WARN_OBJC_ROOT_CLASS = YES_ERROR;
				CLANG_WARN_QUOTED_INCLUDE_IN_FRAMEWORK_HEADER = YES;
				CLANG_WARN_RANGE_LOOP_ANALYSIS = YES;
				CLANG_WARN_STRICT_PROTOTYPES = YES;
				CLANG_WARN_SUSPICIOUS_MOVE = YES;
				CLANG_WARN_UNGUARDED_AVAILABILITY = YES_AGGRESSIVE;
				CLANG_WARN_UNREACHABLE_CODE = YES;
				CLANG_WARN__DUPLICATE_METHOD_MATCH = YES;
				COPY_PHASE_STRIP = NO;
				DEBUG_INFORMATION_FORMAT = "dwarf-with-dsym";
				ENABLE_NS_ASSERTIONS = NO;
				ENABLE_STRICT_OBJC_MSGSEND = YES;
				ENABLE_USER_SCRIPT_SANDBOXING = YES;
				GCC_C_LANGUAGE_STANDARD = gnu17;
				GCC_NO_COMMON_BLOCKS = YES;
				GCC_WARN_64_TO_32_BIT_CONVERSION = YES;
				GCC_WARN_ABOUT_RETURN_TYPE = YES_ERROR;
				GCC_WARN_UNDECLARED_SELECTOR = YES;
				GCC_WARN_UNINITIALIZED_AUTOS = YES_AGGRESSIVE;
				GCC_WARN_UNUSED_FUNCTION = YES;
				GCC_WARN_UNUSED_VARIABLE = YES;
				LOCALIZATION_PREFERS_STRING_CATALOGS = YES;
				MTL_ENABLE_DEBUG_INFO = NO;
				MTL_FAST_MATH = YES;
				SWIFT_COMPILATION_MODE = wholemodule;
			};
			name = Release;
		};
		65A8923E2C81A2820025510F /* Debug */ = {
			isa = XCBuildConfiguration;
			baseConfigurationReference = B3A2EEFE80D5D254B2E42435 /* Pods-SwiftLintIntergrationCocoapods.debug.xcconfig */;
			buildSettings = {
				ASSETCATALOG_COMPILER_APPICON_NAME = AppIcon;
				ASSETCATALOG_COMPILER_GLOBAL_ACCENT_COLOR_NAME = AccentColor;
				CODE_SIGN_ENTITLEMENTS = SwiftLintIntergrationCocoapods/SwiftLintIntergrationCocoapods.entitlements;
				CODE_SIGN_STYLE = Automatic;
				CURRENT_PROJECT_VERSION = 1;
				DEVELOPMENT_ASSET_PATHS = "\"SwiftLintIntergrationCocoapods/Preview Content\"";
				ENABLE_PREVIEWS = YES;
				ENABLE_USER_SCRIPT_SANDBOXING = NO;
				GENERATE_INFOPLIST_FILE = YES;
				"INFOPLIST_KEY_UIApplicationSceneManifest_Generation[sdk=iphoneos*]" = YES;
				"INFOPLIST_KEY_UIApplicationSceneManifest_Generation[sdk=iphonesimulator*]" = YES;
				"INFOPLIST_KEY_UIApplicationSupportsIndirectInputEvents[sdk=iphoneos*]" = YES;
				"INFOPLIST_KEY_UIApplicationSupportsIndirectInputEvents[sdk=iphonesimulator*]" = YES;
				"INFOPLIST_KEY_UILaunchScreen_Generation[sdk=iphoneos*]" = YES;
				"INFOPLIST_KEY_UILaunchScreen_Generation[sdk=iphonesimulator*]" = YES;
				"INFOPLIST_KEY_UIStatusBarStyle[sdk=iphoneos*]" = UIStatusBarStyleDefault;
				"INFOPLIST_KEY_UIStatusBarStyle[sdk=iphonesimulator*]" = UIStatusBarStyleDefault;
				INFOPLIST_KEY_UISupportedInterfaceOrientations_iPad = "UIInterfaceOrientationPortrait UIInterfaceOrientationPortraitUpsideDown UIInterfaceOrientationLandscapeLeft UIInterfaceOrientationLandscapeRight";
				INFOPLIST_KEY_UISupportedInterfaceOrientations_iPhone = "UIInterfaceOrientationPortrait UIInterfaceOrientationLandscapeLeft UIInterfaceOrientationLandscapeRight";
				IPHONEOS_DEPLOYMENT_TARGET = 17.5;
				LD_RUNPATH_SEARCH_PATHS = "@executable_path/Frameworks";
				"LD_RUNPATH_SEARCH_PATHS[sdk=macosx*]" = "@executable_path/../Frameworks";
				MACOSX_DEPLOYMENT_TARGET = 14.4;
				MARKETING_VERSION = 1.0;
				PRODUCT_BUNDLE_IDENTIFIER = com.manh.swiftlintintergrationcocoapods.SwiftLintIntergrationCocoapods;
				PRODUCT_NAME = "$(TARGET_NAME)";
				SDKROOT = auto;
				SUPPORTED_PLATFORMS = "iphoneos iphonesimulator macosx";
				SWIFT_EMIT_LOC_STRINGS = YES;
				SWIFT_VERSION = 5.0;
				TARGETED_DEVICE_FAMILY = "1,2";
			};
			name = Debug;
		};
		65A8923F2C81A2820025510F /* Release */ = {
			isa = XCBuildConfiguration;
			baseConfigurationReference = 8803B836F02A8211B354D451 /* Pods-SwiftLintIntergrationCocoapods.release.xcconfig */;
			buildSettings = {
				ASSETCATALOG_COMPILER_APPICON_NAME = AppIcon;
				ASSETCATALOG_COMPILER_GLOBAL_ACCENT_COLOR_NAME = AccentColor;
				CODE_SIGN_ENTITLEMENTS = SwiftLintIntergrationCocoapods/SwiftLintIntergrationCocoapods.entitlements;
				CODE_SIGN_STYLE = Automatic;
				CURRENT_PROJECT_VERSION = 1;
				DEVELOPMENT_ASSET_PATHS = "\"SwiftLintIntergrationCocoapods/Preview Content\"";
				ENABLE_PREVIEWS = YES;
				ENABLE_USER_SCRIPT_SANDBOXING = NO;
				GENERATE_INFOPLIST_FILE = YES;
				"INFOPLIST_KEY_UIApplicationSceneManifest_Generation[sdk=iphoneos*]" = YES;
				"INFOPLIST_KEY_UIApplicationSceneManifest_Generation[sdk=iphonesimulator*]" = YES;
				"INFOPLIST_KEY_UIApplicationSupportsIndirectInputEvents[sdk=iphoneos*]" = YES;
				"INFOPLIST_KEY_UIApplicationSupportsIndirectInputEvents[sdk=iphonesimulator*]" = YES;
				"INFOPLIST_KEY_UILaunchScreen_Generation[sdk=iphoneos*]" = YES;
				"INFOPLIST_KEY_UILaunchScreen_Generation[sdk=iphonesimulator*]" = YES;
				"INFOPLIST_KEY_UIStatusBarStyle[sdk=iphoneos*]" = UIStatusBarStyleDefault;
				"INFOPLIST_KEY_UIStatusBarStyle[sdk=iphonesimulator*]" = UIStatusBarStyleDefault;
				INFOPLIST_KEY_UISupportedInterfaceOrientations_iPad = "UIInterfaceOrientationPortrait UIInterfaceOrientationPortraitUpsideDown UIInterfaceOrientationLandscapeLeft UIInterfaceOrientationLandscapeRight";
				INFOPLIST_KEY_UISupportedInterfaceOrientations_iPhone = "UIInterfaceOrientationPortrait UIInterfaceOrientationLandscapeLeft UIInterfaceOrientationLandscapeRight";
				IPHONEOS_DEPLOYMENT_TARGET = 17.5;
				LD_RUNPATH_SEARCH_PATHS = "@executable_path/Frameworks";
				"LD_RUNPATH_SEARCH_PATHS[sdk=macosx*]" = "@executable_path/../Frameworks";
				MACOSX_DEPLOYMENT_TARGET = 14.4;
				MARKETING_VERSION = 1.0;
				PRODUCT_BUNDLE_IDENTIFIER = com.manh.swiftlintintergrationcocoapods.SwiftLintIntergrationCocoapods;
				PRODUCT_NAME = "$(TARGET_NAME)";
				SDKROOT = auto;
				SUPPORTED_PLATFORMS = "iphoneos iphonesimulator macosx";
				SWIFT_EMIT_LOC_STRINGS = YES;
				SWIFT_VERSION = 5.0;
				TARGETED_DEVICE_FAMILY = "1,2";
			};
			name = Release;
		};
		65A892412C81A2820025510F /* Debug */ = {
			isa = XCBuildConfiguration;
			baseConfigurationReference = A5C1D949B26F6B5993C13715 /* Pods-SwiftLintIntergrationCocoapodsTests.debug.xcconfig */;
			buildSettings = {
				ALWAYS_EMBED_SWIFT_STANDARD_LIBRARIES = YES;
				BUNDLE_LOADER = "$(TEST_HOST)";
				CODE_SIGN_STYLE = Automatic;
				CURRENT_PROJECT_VERSION = 1;
				GENERATE_INFOPLIST_FILE = YES;
				IPHONEOS_DEPLOYMENT_TARGET = 17.5;
				MACOSX_DEPLOYMENT_TARGET = 14.4;
				MARKETING_VERSION = 1.0;
				PRODUCT_BUNDLE_IDENTIFIER = com.manh.swiftlintintergrationcocoapods.SwiftLintIntergrationCocoapodsTests;
				PRODUCT_NAME = "$(TARGET_NAME)";
				SDKROOT = auto;
				SUPPORTED_PLATFORMS = "iphoneos iphonesimulator macosx";
				SWIFT_EMIT_LOC_STRINGS = NO;
				SWIFT_VERSION = 5.0;
				TARGETED_DEVICE_FAMILY = "1,2";
				TEST_HOST = "$(BUILT_PRODUCTS_DIR)/SwiftLintIntergrationCocoapods.app/$(BUNDLE_EXECUTABLE_FOLDER_PATH)/SwiftLintIntergrationCocoapods";
			};
			name = Debug;
		};
		65A892422C81A2820025510F /* Release */ = {
			isa = XCBuildConfiguration;
			baseConfigurationReference = 066DF581ABEC2C427F63D303 /* Pods-SwiftLintIntergrationCocoapodsTests.release.xcconfig */;
			buildSettings = {
				ALWAYS_EMBED_SWIFT_STANDARD_LIBRARIES = YES;
				BUNDLE_LOADER = "$(TEST_HOST)";
				CODE_SIGN_STYLE = Automatic;
				CURRENT_PROJECT_VERSION = 1;
				GENERATE_INFOPLIST_FILE = YES;
				IPHONEOS_DEPLOYMENT_TARGET = 17.5;
				MACOSX_DEPLOYMENT_TARGET = 14.4;
				MARKETING_VERSION = 1.0;
				PRODUCT_BUNDLE_IDENTIFIER = com.manh.swiftlintintergrationcocoapods.SwiftLintIntergrationCocoapodsTests;
				PRODUCT_NAME = "$(TARGET_NAME)";
				SDKROOT = auto;
				SUPPORTED_PLATFORMS = "iphoneos iphonesimulator macosx";
				SWIFT_EMIT_LOC_STRINGS = NO;
				SWIFT_VERSION = 5.0;
				TARGETED_DEVICE_FAMILY = "1,2";
				TEST_HOST = "$(BUILT_PRODUCTS_DIR)/SwiftLintIntergrationCocoapods.app/$(BUNDLE_EXECUTABLE_FOLDER_PATH)/SwiftLintIntergrationCocoapods";
			};
			name = Release;
		};
		65A892442C81A2820025510F /* Debug */ = {
			isa = XCBuildConfiguration;
			baseConfigurationReference = E4313EB9F549AE21F975386C /* Pods-SwiftLintIntergrationCocoapods-SwiftLintIntergrationCocoapodsUITests.debug.xcconfig */;
			buildSettings = {
				ALWAYS_EMBED_SWIFT_STANDARD_LIBRARIES = YES;
				CODE_SIGN_STYLE = Automatic;
				CURRENT_PROJECT_VERSION = 1;
				GENERATE_INFOPLIST_FILE = YES;
				IPHONEOS_DEPLOYMENT_TARGET = 17.5;
				MACOSX_DEPLOYMENT_TARGET = 14.4;
				MARKETING_VERSION = 1.0;
				PRODUCT_BUNDLE_IDENTIFIER = com.manh.swiftlintintergrationcocoapods.SwiftLintIntergrationCocoapodsUITests;
				PRODUCT_NAME = "$(TARGET_NAME)";
				SDKROOT = auto;
				SUPPORTED_PLATFORMS = "iphoneos iphonesimulator macosx";
				SWIFT_EMIT_LOC_STRINGS = NO;
				SWIFT_VERSION = 5.0;
				TARGETED_DEVICE_FAMILY = "1,2";
				TEST_TARGET_NAME = SwiftLintIntergrationCocoapods;
			};
			name = Debug;
		};
		65A892452C81A2820025510F /* Release */ = {
			isa = XCBuildConfiguration;
			baseConfigurationReference = 7F99DF02DE2D21CC25F92E26 /* Pods-SwiftLintIntergrationCocoapods-SwiftLintIntergrationCocoapodsUITests.release.xcconfig */;
			buildSettings = {
				ALWAYS_EMBED_SWIFT_STANDARD_LIBRARIES = YES;
				CODE_SIGN_STYLE = Automatic;
				CURRENT_PROJECT_VERSION = 1;
				GENERATE_INFOPLIST_FILE = YES;
				IPHONEOS_DEPLOYMENT_TARGET = 17.5;
				MACOSX_DEPLOYMENT_TARGET = 14.4;
				MARKETING_VERSION = 1.0;
				PRODUCT_BUNDLE_IDENTIFIER = com.manh.swiftlintintergrationcocoapods.SwiftLintIntergrationCocoapodsUITests;
				PRODUCT_NAME = "$(TARGET_NAME)";
				SDKROOT = auto;
				SUPPORTED_PLATFORMS = "iphoneos iphonesimulator macosx";
				SWIFT_EMIT_LOC_STRINGS = NO;
				SWIFT_VERSION = 5.0;
				TARGETED_DEVICE_FAMILY = "1,2";
				TEST_TARGET_NAME = SwiftLintIntergrationCocoapods;
			};
			name = Release;
		};
/* End XCBuildConfiguration section */

/* Begin XCConfigurationList section */
		65A892132C81A27E0025510F /* Build configuration list for PBXProject "SwiftLintIntergrationCocoapods" */ = {
			isa = XCConfigurationList;
			buildConfigurations = (
				65A8923B2C81A2820025510F /* Debug */,
				65A8923C2C81A2820025510F /* Release */,
			);
			defaultConfigurationIsVisible = 0;
			defaultConfigurationName = Release;
		};
		65A8923D2C81A2820025510F /* Build configuration list for PBXNativeTarget "SwiftLintIntergrationCocoapods" */ = {
			isa = XCConfigurationList;
			buildConfigurations = (
				65A8923E2C81A2820025510F /* Debug */,
				65A8923F2C81A2820025510F /* Release */,
			);
			defaultConfigurationIsVisible = 0;
			defaultConfigurationName = Release;
		};
		65A892402C81A2820025510F /* Build configuration list for PBXNativeTarget "SwiftLintIntergrationCocoapodsTests" */ = {
			isa = XCConfigurationList;
			buildConfigurations = (
				65A892412C81A2820025510F /* Debug */,
				65A892422C81A2820025510F /* Release */,
			);
			defaultConfigurationIsVisible = 0;
			defaultConfigurationName = Release;
		};
		65A892432C81A2820025510F /* Build configuration list for PBXNativeTarget "SwiftLintIntergrationCocoapodsUITests" */ = {
			isa = XCConfigurationList;
			buildConfigurations = (
				65A892442C81A2820025510F /* Debug */,
				65A892452C81A2820025510F /* Release */,
			);
			defaultConfigurationIsVisible = 0;
			defaultConfigurationName = Release;
		};
/* End XCConfigurationList section */
	};
	rootObject = 65A892102C81A27E0025510F /* Project object */;
}
